
Microsoft Visual Studio Solution File, Format Version 11.00
# Visual Studio 2010
Project("{FAE04EC0-301F-11D3-BF4B-00C04F79EFBC}") = "released", "released\released.csproj", "{91D0653F-5A4B-4E7E-AA58-C01FEA09A8D5}"
EndProject
Project("{FAE04EC0-301F-11D3-BF4B-00C04F79EFBC}") = "beta", "beta\beta.csproj", "{6EE9BC43-79E5-41F9-9E85-65B53DDDF1AD}"
EndProject
Global
	GlobalSection(SubversionScc) = preSolution
		Svn-Managed = True
		Manager = AnkhSVN - Subversion Support for Visual Studio
	EndGlobalSection
	GlobalSection(SolutionConfigurationPlatforms) = preSolution
		Debug|Any CPU = Debug|Any CPU
		Release|Any CPU = Release|Any CPU
	EndGlobalSection
	GlobalSection(ProjectConfigurationPlatforms) = postSolution
		{91D0653F-5A4B-4E7E-AA58-C01FEA09A8D5}.Debug|Any CPU.ActiveCfg = Debug|Any CPU
		{91D0653F-5A4B-4E7E-AA58-C01FEA09A8D5}.Debug|Any CPU.Build.0 = Debug|Any CPU
		{91D0653F-5A4B-4E7E-AA58-C01FEA09A8D5}.Release|Any CPU.ActiveCfg = Release|Any CPU
		{91D0653F-5A4B-4E7E-AA58-C01FEA09A8D5}.Release|Any CPU.Build.0 = Release|Any CPU
		{6EE9BC43-79E5-41F9-9E85-65B53DDDF1AD}.Debug|Any CPU.ActiveCfg = Debug|Any CPU
		{6EE9BC43-79E5-41F9-9E85-65B53DDDF1AD}.Debug|Any CPU.Build.0 = Debug|Any CPU
		{6EE9BC43-79E5-41F9-9E85-65B53DDDF1AD}.Release|Any CPU.ActiveCfg = Release|Any CPU
		{6EE9BC43-79E5-41F9-9E85-65B53DDDF1AD}.Release|Any CPU.Build.0 = Release|Any CPU
	EndGlobalSection
	GlobalSection(SolutionProperties) = preSolution
		HideSolutionNode = FALSE
	EndGlobalSection
EndGlobal
