
Microsoft Visual Studio Solution File, Format Version 11.00
# Visual Studio 2010
Project("{FAE04EC0-301F-11D3-BF4B-00C04F79EFBC}") = "released", "released\released.csproj", "{4C5B0885-465B-423A-94D5-545FF90B6129}"
EndProject
Project("{FAE04EC0-301F-11D3-BF4B-00C04F79EFBC}") = "beta", "beta\beta.csproj", "{D147E628-27F1-48D9-8C4A-B4167E1D2C53}"
EndProject
Global
	GlobalSection(SubversionScc) = preSolution
		Svn-Managed = True
		Manager = AnkhSVN - Subversion Support for Visual Studio
	EndGlobalSection
	GlobalSection(SolutionConfigurationPlatforms) = preSolution
		Debug|Any CPU = Debug|Any CPU
		Release|Any CPU = Release|Any CPU
	EndGlobalSection
	GlobalSection(ProjectConfigurationPlatforms) = postSolution
		{4C5B0885-465B-423A-94D5-545FF90B6129}.Debug|Any CPU.ActiveCfg = Debug|Any CPU
		{4C5B0885-465B-423A-94D5-545FF90B6129}.Debug|Any CPU.Build.0 = Debug|Any CPU
		{4C5B0885-465B-423A-94D5-545FF90B6129}.Release|Any CPU.ActiveCfg = Release|Any CPU
		{4C5B0885-465B-423A-94D5-545FF90B6129}.Release|Any CPU.Build.0 = Release|Any CPU
		{D147E628-27F1-48D9-8C4A-B4167E1D2C53}.Debug|Any CPU.ActiveCfg = Debug|Any CPU
		{D147E628-27F1-48D9-8C4A-B4167E1D2C53}.Debug|Any CPU.Build.0 = Debug|Any CPU
		{D147E628-27F1-48D9-8C4A-B4167E1D2C53}.Release|Any CPU.ActiveCfg = Release|Any CPU
		{D147E628-27F1-48D9-8C4A-B4167E1D2C53}.Release|Any CPU.Build.0 = Release|Any CPU
	EndGlobalSection
	GlobalSection(SolutionProperties) = preSolution
		HideSolutionNode = FALSE
	EndGlobalSection
EndGlobal
